
Microsoft Visual Studio Solution File, Format Version 12.00
# Visual Studio Version 17
VisualStudioVersion = 17.4.33213.308
MinimumVisualStudioVersion = 10.0.40219.1
Project("{FAE04EC0-301F-11D3-BF4B-00C04F79EFBC}") = "CryptoStatView", "CryptoStatView\CryptoStatView.csproj", "{19A73386-15A0-4BF3-BEC8-F94A54AF45A2}"
EndProject
Global
	GlobalSection(SolutionConfigurationPlatforms) = preSolution
		Debug|Any CPU = Debug|Any CPU
		Release|Any CPU = Release|Any CPU
	EndGlobalSection
	GlobalSection(ProjectConfigurationPlatforms) = postSolution
		{19A73386-15A0-4BF3-BEC8-F94A54AF45A2}.Debug|Any CPU.ActiveCfg = Debug|Any CPU
		{19A73386-15A0-4BF3-BEC8-F94A54AF45A2}.Debug|Any CPU.Build.0 = Debug|Any CPU
		{19A73386-15A0-4BF3-BEC8-F94A54AF45A2}.Release|Any CPU.ActiveCfg = Release|Any CPU
		{19A73386-15A0-4BF3-BEC8-F94A54AF45A2}.Release|Any CPU.Build.0 = Release|Any CPU
	EndGlobalSection
	GlobalSection(SolutionProperties) = preSolution
		HideSolutionNode = FALSE
	EndGlobalSection
	GlobalSection(ExtensibilityGlobals) = postSolution
		SolutionGuid = {3A867C31-5980-4502-91DC-FE7D5F4974AB}
	EndGlobalSection
EndGlobal
